
Microsoft Visual Studio Solution File, Format Version 12.00
# Visual Studio Version 16
VisualStudioVersion = 16.0.32510.428
MinimumVisualStudioVersion = 10.0.40219.1
Project("{FAE04EC0-301F-11D3-BF4B-00C04F79EFBC}") = "UserService", "UserService\UserService.csproj", "{3D361BE3-8461-4DBB-B073-821505A77BBC}"
EndProject
Project("{FAE04EC0-301F-11D3-BF4B-00C04F79EFBC}") = "UserClient", "UserClient\UserClient.csproj", "{36159E80-FD10-4C92-8A85-A1BDD330F1C7}"
EndProject
Global
	GlobalSection(SolutionConfigurationPlatforms) = preSolution
		Debug|Any CPU = Debug|Any CPU
		Release|Any CPU = Release|Any CPU
	EndGlobalSection
	GlobalSection(ProjectConfigurationPlatforms) = postSolution
		{3D361BE3-8461-4DBB-B073-821505A77BBC}.Debug|Any CPU.ActiveCfg = Debug|Any CPU
		{3D361BE3-8461-4DBB-B073-821505A77BBC}.Debug|Any CPU.Build.0 = Debug|Any CPU
		{3D361BE3-8461-4DBB-B073-821505A77BBC}.Release|Any CPU.ActiveCfg = Release|Any CPU
		{3D361BE3-8461-4DBB-B073-821505A77BBC}.Release|Any CPU.Build.0 = Release|Any CPU
		{36159E80-FD10-4C92-8A85-A1BDD330F1C7}.Debug|Any CPU.ActiveCfg = Debug|Any CPU
		{36159E80-FD10-4C92-8A85-A1BDD330F1C7}.Debug|Any CPU.Build.0 = Debug|Any CPU
		{36159E80-FD10-4C92-8A85-A1BDD330F1C7}.Release|Any CPU.ActiveCfg = Release|Any CPU
		{36159E80-FD10-4C92-8A85-A1BDD330F1C7}.Release|Any CPU.Build.0 = Release|Any CPU
	EndGlobalSection
	GlobalSection(SolutionProperties) = preSolution
		HideSolutionNode = FALSE
	EndGlobalSection
	GlobalSection(ExtensibilityGlobals) = postSolution
		SolutionGuid = {7C6B5309-2F11-423C-9895-E49B70FF9A69}
	EndGlobalSection
EndGlobal
