
Microsoft Visual Studio Solution File, Format Version 12.00
# Visual Studio Version 16
VisualStudioVersion = 16.0.32510.428
MinimumVisualStudioVersion = 10.0.40219.1
Project("{FAE04EC0-301F-11D3-BF4B-00C04F79EFBC}") = "ChessAcademy.DataLayer", "ChessAcademy.DataLayer\ChessAcademy.DataLayer.csproj", "{BF747627-AD89-4974-8819-CA52328F7D0C}"
EndProject
Global
	GlobalSection(SolutionConfigurationPlatforms) = preSolution
		Debug|Any CPU = Debug|Any CPU
		Release|Any CPU = Release|Any CPU
	EndGlobalSection
	GlobalSection(ProjectConfigurationPlatforms) = postSolution
		{BF747627-AD89-4974-8819-CA52328F7D0C}.Debug|Any CPU.ActiveCfg = Debug|Any CPU
		{BF747627-AD89-4974-8819-CA52328F7D0C}.Debug|Any CPU.Build.0 = Debug|Any CPU
		{BF747627-AD89-4974-8819-CA52328F7D0C}.Release|Any CPU.ActiveCfg = Release|Any CPU
		{BF747627-AD89-4974-8819-CA52328F7D0C}.Release|Any CPU.Build.0 = Release|Any CPU
	EndGlobalSection
	GlobalSection(SolutionProperties) = preSolution
		HideSolutionNode = FALSE
	EndGlobalSection
	GlobalSection(ExtensibilityGlobals) = postSolution
		SolutionGuid = {8A173ADA-2E9A-4FEE-96B2-435B0F690C26}
	EndGlobalSection
EndGlobal
